// !$*UTF8*$!
{
	archiveVersion = 1;
	classes = {
	};
	objectVersion = 46;
	objects = {

/* Begin PBXBuildFile section */
		6E0EE0FE1E41AF0F007F84AB /* AppDelegate.swift in Sources */ = {isa = PBXBuildFile; fileRef = 6E0EE0FD1E41AF0F007F84AB /* AppDelegate.swift */; };
		6E0EE1031E41AF0F007F84AB /* Main.storyboard in Resources */ = {isa = PBXBuildFile; fileRef = 6E0EE1011E41AF0F007F84AB /* Main.storyboard */; };
		6E0EE1051E41AF0F007F84AB /* Assets.xcassets in Resources */ = {isa = PBXBuildFile; fileRef = 6E0EE1041E41AF0F007F84AB /* Assets.xcassets */; };
		6E0EE1081E41AF0F007F84AB /* LaunchScreen.storyboard in Resources */ = {isa = PBXBuildFile; fileRef = 6E0EE1061E41AF0F007F84AB /* LaunchScreen.storyboard */; };
		6EA37CA81E41B88B00851B8E /* GoogleService-Info.plist in Resources */ = {isa = PBXBuildFile; fileRef = 6EA37CA71E41B88B00851B8E /* GoogleService-Info.plist */; };
		6EA37CAC1E41BA2F00851B8E /* TableViewController.swift in Sources */ = {isa = PBXBuildFile; fileRef = 6EA37CAB1E41BA2F00851B8E /* TableViewController.swift */; };
		6EA37CAE1E41BD3300851B8E /* TableViewCell.swift in Sources */ = {isa = PBXBuildFile; fileRef = 6EA37CAD1E41BD3300851B8E /* TableViewCell.swift */; };
		6EA37CB01E41BDDD00851B8E /* Post.swift in Sources */ = {isa = PBXBuildFile; fileRef = 6EA37CAF1E41BDDD00851B8E /* Post.swift */; };
		7EFEB8F49BCDFE31329D1D89 /* Pods_Firebase_Realtime_Database_Example_Project.framework in Frameworks */ = {isa = PBXBuildFile; fileRef = 5F0ED8704CB5A48F0F46D551 /* Pods_Firebase_Realtime_Database_Example_Project.framework */; };
/* End PBXBuildFile section */

/* Begin PBXFileReference section */
		5F0ED8704CB5A48F0F46D551 /* Pods_Firebase_Realtime_Database_Example_Project.framework */ = {isa = PBXFileReference; explicitFileType = wrapper.framework; includeInIndex = 0; path = Pods_Firebase_Realtime_Database_Example_Project.framework; sourceTree = BUILT_PRODUCTS_DIR; };
		6E0EE0FA1E41AF0F007F84AB /* Firebase Realtime Database Example Project.app */ = {isa = PBXFileReference; explicitFileType = wrapper.application; includeInIndex = 0; path = "Firebase Realtime Database Example Project.app"; sourceTree = BUILT_PRODUCTS_DIR; };
		6E0EE0FD1E41AF0F007F84AB /* AppDelegate.swift */ = {isa = PBXFileReference; lastKnownFileType = sourcecode.swift; path = AppDelegate.swift; sourceTree = "<group>"; };
		6E0EE1021E41AF0F007F84AB /* Base */ = {isa = PBXFileReference; lastKnownFileType = file.storyboard; name = Base; path = Base.lproj/Main.storyboard; sourceTree = "<group>"; };
		6E0EE1041E41AF0F007F84AB /* Assets.xcassets */ = {isa = PBXFileReference; lastKnownFileType = folder.assetcatalog; path = Assets.xcassets; sourceTree = "<group>"; };
		6E0EE1071E41AF0F007F84AB /* Base */ = {isa = PBXFileReference; lastKnownFileType = file.storyboard; name = Base; path = Base.lproj/LaunchScreen.storyboard; sourceTree = "<group>"; };
		6E0EE1091E41AF0F007F84AB /* Info.plist */ = {isa = PBXFileReference; lastKnownFileType = text.plist.xml; path = Info.plist; sourceTree = "<group>"; };
		6EA37CA71E41B88B00851B8E /* GoogleService-Info.plist */ = {isa = PBXFileReference; fileEncoding = 4; lastKnownFileType = text.plist.xml; path = "GoogleService-Info.plist"; sourceTree = "<group>"; };
		6EA37CAB1E41BA2F00851B8E /* TableViewController.swift */ = {isa = PBXFileReference; fileEncoding = 4; lastKnownFileType = sourcecode.swift; path = TableViewController.swift; sourceTree = "<group>"; };
		6EA37CAD1E41BD3300851B8E /* TableViewCell.swift */ = {isa = PBXFileReference; fileEncoding = 4; lastKnownFileType = sourcecode.swift; path = TableViewCell.swift; sourceTree = "<group>"; };
		6EA37CAF1E41BDDD00851B8E /* Post.swift */ = {isa = PBXFileReference; fileEncoding = 4; lastKnownFileType = sourcecode.swift; path = Post.swift; sourceTree = "<group>"; };
		A8B4D2ABB6824539BB1BED88 /* Pods-Firebase Realtime Database Example Project.release.xcconfig */ = {isa = PBXFileReference; includeInIndex = 1; lastKnownFileType = text.xcconfig; name = "Pods-Firebase Realtime Database Example Project.release.xcconfig"; path = "Pods/Target Support Files/Pods-Firebase Realtime Database Example Project/Pods-Firebase Realtime Database Example Project.release.xcconfig"; sourceTree = "<group>"; };
		B7177E995D7716ACCC59194A /* Pods-Firebase Realtime Database Example Project.debug.xcconfig */ = {isa = PBXFileReference; includeInIndex = 1; lastKnownFileType = text.xcconfig; name = "Pods-Firebase Realtime Database Example Project.debug.xcconfig"; path = "Pods/Target Support Files/Pods-Firebase Realtime Database Example Project/Pods-Firebase Realtime Database Example Project.debug.xcconfig"; sourceTree = "<group>"; };
/* End PBXFileReference section */

/* Begin PBXFrameworksBuildPhase section */
		6E0EE0F71E41AF0F007F84AB /* Frameworks */ = {
			isa = PBXFrameworksBuildPhase;
			buildActionMask = 2147483647;
			files = (
				7EFEB8F49BCDFE31329D1D89 /* Pods_Firebase_Realtime_Database_Example_Project.framework in Frameworks */,
			);
			runOnlyForDeploymentPostprocessing = 0;
		};
/* End PBXFrameworksBuildPhase section */

/* Begin PBXGroup section */
		6E0EE0F11E41AF0F007F84AB = {
			isa = PBXGroup;
			children = (
				6E0EE0FC1E41AF0F007F84AB /* Firebase Realtime Database Example Project */,
				6E0EE0FB1E41AF0F007F84AB /* Products */,
				D10A73B71D1939E0158A36EB /* Pods */,
				707EB15B6C4FD526DC461FDC /* Frameworks */,
			);
			sourceTree = "<group>";
		};
		6E0EE0FB1E41AF0F007F84AB /* Products */ = {
			isa = PBXGroup;
			children = (
				6E0EE0FA1E41AF0F007F84AB /* Firebase Realtime Database Example Project.app */,
			);
			name = Products;
			sourceTree = "<group>";
		};
		6E0EE0FC1E41AF0F007F84AB /* Firebase Realtime Database Example Project */ = {
			isa = PBXGroup;
			children = (
				6E0EE0FD1E41AF0F007F84AB /* AppDelegate.swift */,
				6E0EE1011E41AF0F007F84AB /* Main.storyboard */,
				6EA37CAD1E41BD3300851B8E /* TableViewCell.swift */,
				6EA37CAB1E41BA2F00851B8E /* TableViewController.swift */,
				6EA37CAF1E41BDDD00851B8E /* Post.swift */,
				6E0EE1041E41AF0F007F84AB /* Assets.xcassets */,
				6E0EE1061E41AF0F007F84AB /* LaunchScreen.storyboard */,
				6EA37CA71E41B88B00851B8E /* GoogleService-Info.plist */,
				6E0EE1091E41AF0F007F84AB /* Info.plist */,
			);
			path = "Firebase Realtime Database Example Project";
			sourceTree = "<group>";
		};
		707EB15B6C4FD526DC461FDC /* Frameworks */ = {
			isa = PBXGroup;
			children = (
				5F0ED8704CB5A48F0F46D551 /* Pods_Firebase_Realtime_Database_Example_Project.framework */,
			);
			name = Frameworks;
			sourceTree = "<group>";
		};
		D10A73B71D1939E0158A36EB /* Pods */ = {
			isa = PBXGroup;
			children = (
				B7177E995D7716ACCC59194A /* Pods-Firebase Realtime Database Example Project.debug.xcconfig */,
				A8B4D2ABB6824539BB1BED88 /* Pods-Firebase Realtime Database Example Project.release.xcconfig */,
			);
			name = Pods;
			sourceTree = "<group>";
		};
/* End PBXGroup section */

/* Begin PBXNativeTarget section */
		6E0EE0F91E41AF0F007F84AB /* Firebase Realtime Database Example Project */ = {
			isa = PBXNativeTarget;
			buildConfigurationList = 6E0EE10C1E41AF0F007F84AB /* Build configuration list for PBXNativeTarget "Firebase Realtime Database Example Project" */;
			buildPhases = (
				B46BC0CD93341606F3D67B0D /* [CP] Check Pods Manifest.lock */,
				6E0EE0F61E41AF0F007F84AB /* Sources */,
				6E0EE0F71E41AF0F007F84AB /* Frameworks */,
				6E0EE0F81E41AF0F007F84AB /* Resources */,
				3E57DEC76ED45C325BA073C3 /* [CP] Embed Pods Frameworks */,
				F7E1ED6D3CCA69EA84257404 /* [CP] Copy Pods Resources */,
			);
			buildRules = (
			);
			dependencies = (
			);
			name = "Firebase Realtime Database Example Project";
			productName = "Firebase Realtime Database Example Project";
			productReference = 6E0EE0FA1E41AF0F007F84AB /* Firebase Realtime Database Example Project.app */;
			productType = "com.apple.product-type.application";
		};
/* End PBXNativeTarget section */

/* Begin PBXProject section */
		6E0EE0F21E41AF0F007F84AB /* Project object */ = {
			isa = PBXProject;
			attributes = {
				LastSwiftUpdateCheck = 0820;
				LastUpgradeCheck = 0820;
				ORGANIZATIONNAME = zulwiyozaputra;
				TargetAttributes = {
					6E0EE0F91E41AF0F007F84AB = {
						CreatedOnToolsVersion = 8.2;
						DevelopmentTeam = 44VVQHZS45;
						ProvisioningStyle = Automatic;
					};
				};
			};
			buildConfigurationList = 6E0EE0F51E41AF0F007F84AB /* Build configuration list for PBXProject "Firebase Realtime Database Example Project" */;
			compatibilityVersion = "Xcode 3.2";
			developmentRegion = English;
			hasScannedForEncodings = 0;
			knownRegions = (
				en,
				Base,
			);
			mainGroup = 6E0EE0F11E41AF0F007F84AB;
			productRefGroup = 6E0EE0FB1E41AF0F007F84AB /* Products */;
			projectDirPath = "";
			projectRoot = "";
			targets = (
				6E0EE0F91E41AF0F007F84AB /* Firebase Realtime Database Example Project */,
			);
		};
/* End PBXProject section */

/* Begin PBXResourcesBuildPhase section */
		6E0EE0F81E41AF0F007F84AB /* Resources */ = {
			isa = PBXResourcesBuildPhase;
			buildActionMask = 2147483647;
			files = (
				6E0EE1081E41AF0F007F84AB /* LaunchScreen.storyboard in Resources */,
				6EA37CA81E41B88B00851B8E /* GoogleService-Info.plist in Resources */,
				6E0EE1051E41AF0F007F84AB /* Assets.xcassets in Resources */,
				6E0EE1031E41AF0F007F84AB /* Main.storyboard in Resources */,
			);
			runOnlyForDeploymentPostprocessing = 0;
		};
/* End PBXResourcesBuildPhase section */

/* Begin PBXShellScriptBuildPhase section */
		3E57DEC76ED45C325BA073C3 /* [CP] Embed Pods Frameworks */ = {
			isa = PBXShellScriptBuildPhase;
			buildActionMask = 2147483647;
			files = (
			);
			inputPaths = (
			);
			name = "[CP] Embed Pods Frameworks";
			outputPaths = (
			);
			runOnlyForDeploymentPostprocessing = 0;
			shellPath = /bin/sh;
			shellScript = "\"${SRCROOT}/Pods/Target Support Files/Pods-Firebase Realtime Database Example Project/Pods-Firebase Realtime Database Example Project-frameworks.sh\"\n";
			showEnvVarsInLog = 0;
		};
		B46BC0CD93341606F3D67B0D /* [CP] Check Pods Manifest.lock */ = {
			isa = PBXShellScriptBuildPhase;
			buildActionMask = 2147483647;
			files = (
			);
			inputPaths = (
			);
			name = "[CP] Check Pods Manifest.lock";
			outputPaths = (
			);
			runOnlyForDeploymentPostprocessing = 0;
			shellPath = /bin/sh;
			shellScript = "diff \"${PODS_ROOT}/../Podfile.lock\" \"${PODS_ROOT}/Manifest.lock\" > /dev/null\nif [ $? != 0 ] ; then\n    # print error to STDERR\n    echo \"error: The sandbox is not in sync with the Podfile.lock. Run 'pod install' or update your CocoaPods installation.\" >&2\n    exit 1\nfi\n";
			showEnvVarsInLog = 0;
		};
		F7E1ED6D3CCA69EA84257404 /* [CP] Copy Pods Resources */ = {
			isa = PBXShellScriptBuildPhase;
			buildActionMask = 2147483647;
			files = (
			);
			inputPaths = (
			);
			name = "[CP] Copy Pods Resources";
			outputPaths = (
			);
			runOnlyForDeploymentPostprocessing = 0;
			shellPath = /bin/sh;
			shellScript = "\"${SRCROOT}/Pods/Target Support Files/Pods-Firebase Realtime Database Example Project/Pods-Firebase Realtime Database Example Project-resources.sh\"\n";
			showEnvVarsInLog = 0;
		};
/* End PBXShellScriptBuildPhase section */

/* Begin PBXSourcesBuildPhase section */
		6E0EE0F61E41AF0F007F84AB /* Sources */ = {
			isa = PBXSourcesBuildPhase;
			buildActionMask = 2147483647;
			files = (
				6EA37CAE1E41BD3300851B8E /* TableViewCell.swift in Sources */,
				6E0EE0FE1E41AF0F007F84AB /* AppDelegate.swift in Sources */,
				6EA37CAC1E41BA2F00851B8E /* TableViewController.swift in Sources */,
				6EA37CB01E41BDDD00851B8E /* Post.swift in Sources */,
			);
			runOnlyForDeploymentPostprocessing = 0;
		};
/* End PBXSourcesBuildPhase section */

/* Begin PBXVariantGroup section */
		6E0EE1011E41AF0F007F84AB /* Main.storyboard */ = {
			isa = PBXVariantGroup;
			children = (
				6E0EE1021E41AF0F007F84AB /* Base */,
			);
			name = Main.storyboard;
			sourceTree = "<group>";
		};
		6E0EE1061E41AF0F007F84AB /* LaunchScreen.storyboard */ = {
			isa = PBXVariantGroup;
			children = (
				6E0EE1071E41AF0F007F84AB /* Base */,
			);
			name = LaunchScreen.storyboard;
			sourceTree = "<group>";
		};
/* End PBXVariantGroup section */

/* Begin XCBuildConfiguration section */
		6E0EE10A1E41AF0F007F84AB /* Debug */ = {
			isa = XCBuildConfiguration;
			buildSettings = {
				ALWAYS_SEARCH_USER_PATHS = NO;
				CLANG_ANALYZER_NONNULL = YES;
				CLANG_CXX_LANGUAGE_STANDARD = "gnu++0x";
				CLANG_CXX_LIBRARY = "libc++";
				CLANG_ENABLE_MODULES = YES;
				CLANG_ENABLE_OBJC_ARC = YES;
				CLANG_WARN_BOOL_CONVERSION = YES;
				CLANG_WARN_CONSTANT_CONVERSION = YES;
				CLANG_WARN_DIRECT_OBJC_ISA_USAGE = YES_ERROR;
				CLANG_WARN_DOCUMENTATION_COMMENTS = YES;
				CLANG_WARN_EMPTY_BODY = YES;
				CLANG_WARN_ENUM_CONVERSION = YES;
				CLANG_WARN_INFINITE_RECURSION = YES;
				CLANG_WARN_INT_CONVERSION = YES;
				CLANG_WARN_OBJC_ROOT_CLASS = YES_ERROR;
				CLANG_WARN_SUSPICIOUS_MOVE = YES;
				CLANG_WARN_UNREACHABLE_CODE = YES;
				CLANG_WARN__DUPLICATE_METHOD_MATCH = YES;
				"CODE_SIGN_IDENTITY[sdk=iphoneos*]" = "iPhone Developer";
				COPY_PHASE_STRIP = NO;
				DEBUG_INFORMATION_FORMAT = dwarf;
				ENABLE_STRICT_OBJC_MSGSEND = YES;
				ENABLE_TESTABILITY = YES;
				GCC_C_LANGUAGE_STANDARD = gnu99;
				GCC_DYNAMIC_NO_PIC = NO;
				GCC_NO_COMMON_BLOCKS = YES;
				GCC_OPTIMIZATION_LEVEL = 0;
				GCC_PREPROCESSOR_DEFINITIONS = (
					"DEBUG=1",
					"$(inherited)",
				);
				GCC_WARN_64_TO_32_BIT_CONVERSION = YES;
				GCC_WARN_ABOUT_RETURN_TYPE = YES_ERROR;
				GCC_WARN_UNDECLARED_SELECTOR = YES;
				GCC_WARN_UNINITIALIZED_AUTOS = YES_AGGRESSIVE;
				GCC_WARN_UNUSED_FUNCTION = YES;
				GCC_WARN_UNUSED_VARIABLE = YES;
				IPHONEOS_DEPLOYMENT_TARGET = 10.2;
				MTL_ENABLE_DEBUG_INFO = YES;
				ONLY_ACTIVE_ARCH = YES;
				SDKROOT = iphoneos;
				SWIFT_ACTIVE_COMPILATION_CONDITIONS = DEBUG;
				SWIFT_OPTIMIZATION_LEVEL = "-Onone";
			};
			name = Debug;
		};
		6E0EE10B1E41AF0F007F84AB /* Release */ = {
			isa = XCBuildConfiguration;
			buildSettings = {
				ALWAYS_SEARCH_USER_PATHS = NO;
				CLANG_ANALYZER_NONNULL = YES;
				CLANG_CXX_LANGUAGE_STANDARD = "gnu++0x";
				CLANG_CXX_LIBRARY = "libc++";
				CLANG_ENABLE_MODULES = YES;
				CLANG_ENABLE_OBJC_ARC = YES;
				CLANG_WARN_BOOL_CONVERSION = YES;
				CLANG_WARN_CONSTANT_CONVERSION = YES;
				CLANG_WARN_DIRECT_OBJC_ISA_USAGE = YES_ERROR;
				CLANG_WARN_DOCUMENTATION_COMMENTS = YES;
				CLANG_WARN_EMPTY_BODY = YES;
				CLANG_WARN_ENUM_CONVERSION = YES;
				CLANG_WARN_INFINITE_RECURSION = YES;
				CLANG_WARN_INT_CONVERSION = YES;
				CLANG_WARN_OBJC_ROOT_CLASS = YES_ERROR;
				CLANG_WARN_SUSPICIOUS_MOVE = YES;
				CLANG_WARN_UNREACHABLE_CODE = YES;
				CLANG_WARN__DUPLICATE_METHOD_MATCH = YES;
				"CODE_SIGN_IDENTITY[sdk=iphoneos*]" = "iPhone Developer";
				COPY_PHASE_STRIP = NO;
				DEBUG_INFORMATION_FORMAT = "dwarf-with-dsym";
				ENABLE_NS_ASSERTIONS = NO;
				ENABLE_STRICT_OBJC_MSGSEND = YES;
				GCC_C_LANGUAGE_STANDARD = gnu99;
				GCC_NO_COMMON_BLOCKS = YES;
				GCC_WARN_64_TO_32_BIT_CONVERSION = YES;
				GCC_WARN_ABOUT_RETURN_TYPE = YES_ERROR;
				GCC_WARN_UNDECLARED_SELECTOR = YES;
				GCC_WARN_UNINITIALIZED_AUTOS = YES_AGGRESSIVE;
				GCC_WARN_UNUSED_FUNCTION = YES;
				GCC_WARN_UNUSED_VARIABLE = YES;
				IPHONEOS_DEPLOYMENT_TARGET = 10.2;
				MTL_ENABLE_DEBUG_INFO = NO;
				SDKROOT = iphoneos;
				SWIFT_OPTIMIZATION_LEVEL = "-Owholemodule";
				VALIDATE_PRODUCT = YES;
			};
			name = Release;
		};
		6E0EE10D1E41AF0F007F84AB /* Debug */ = {
			isa = XCBuildConfiguration;
			baseConfigurationReference = B7177E995D7716ACCC59194A /* Pods-Firebase Realtime Database Example Project.debug.xcconfig */;
			buildSettings = {
				ASSETCATALOG_COMPILER_APPICON_NAME = AppIcon;
				DEVELOPMENT_TEAM = 44VVQHZS45;
				INFOPLIST_FILE = "Firebase Realtime Database Example Project/Info.plist";
				LD_RUNPATH_SEARCH_PATHS = "$(inherited) @executable_path/Frameworks";
				PRODUCT_BUNDLE_IDENTIFIER = "com.zulwiyozaputra.Firebase-Realtime-Database-Example-Project";
				PRODUCT_NAME = "$(TARGET_NAME)";
				SWIFT_VERSION = 3.0;
			};
			name = Debug;
		};
		6E0EE10E1E41AF0F007F84AB /* Release */ = {
			isa = XCBuildConfiguration;
			baseConfigurationReference = A8B4D2ABB6824539BB1BED88 /* Pods-Firebase Realtime Database Example Project.release.xcconfig */;
			buildSettings = {
				ASSETCATALOG_COMPILER_APPICON_NAME = AppIcon;
				DEVELOPMENT_TEAM = 44VVQHZS45;
				INFOPLIST_FILE = "Firebase Realtime Database Example Project/Info.plist";
				LD_RUNPATH_SEARCH_PATHS = "$(inherited) @executable_path/Frameworks";
				PRODUCT_BUNDLE_IDENTIFIER = "com.zulwiyozaputra.Firebase-Realtime-Database-Example-Project";
				PRODUCT_NAME = "$(TARGET_NAME)";
				SWIFT_VERSION = 3.0;
			};
			name = Release;
		};
/* End XCBuildConfiguration section */

/* Begin XCConfigurationList section */
		6E0EE0F51E41AF0F007F84AB /* Build configuration list for PBXProject "Firebase Realtime Database Example Project" */ = {
			isa = XCConfigurationList;
			buildConfigurations = (
				6E0EE10A1E41AF0F007F84AB /* Debug */,
				6E0EE10B1E41AF0F007F84AB /* Release */,
			);
			defaultConfigurationIsVisible = 0;
			defaultConfigurationName = Release;
		};
		6E0EE10C1E41AF0F007F84AB /* Build configuration list for PBXNativeTarget "Firebase Realtime Database Example Project" */ = {
			isa = XCConfigurationList;
			buildConfigurations = (
				6E0EE10D1E41AF0F007F84AB /* Debug */,
				6E0EE10E1E41AF0F007F84AB /* Release */,
			);
			defaultConfigurationIsVisible = 0;
			defaultConfigurationName = Release;
		};
/* End XCConfigurationList section */
	};
	rootObject = 6E0EE0F21E41AF0F007F84AB /* Project object */;
}
